
Microsoft Visual Studio Solution File, Format Version 12.00
# Visual Studio Version 16
VisualStudioVersion = 16.0.31613.86
MinimumVisualStudioVersion = 10.0.40219.1
Project("{FAE04EC0-301F-11D3-BF4B-00C04F79EFBC}") = "GettingStartedDevExpressReporting", "GettingStartedDevExpressReporting\GettingStartedDevExpressReporting.csproj", "{49119739-F2E2-4F31-A91A-90755C496E17}"
EndProject
Project("{FAE04EC0-301F-11D3-BF4B-00C04F79EFBC}") = "GettingStartedDevExpressReporting.DesktopDesigner", "GettingStartedDevExpressReporting.DesktopDesigner\GettingStartedDevExpressReporting.DesktopDesigner.csproj", "{86493FFB-458B-4127-A53C-5BBB536C5163}"
EndProject
Project("{FAE04EC0-301F-11D3-BF4B-00C04F79EFBC}") = "GettingStartedDevExpressReporting.WebDesigner", "GettingStartedDevExpressReporting.WebDesigner\GettingStartedDevExpressReporting.WebDesigner.csproj", "{93CB7079-7288-42E6-9B8A-EDA7F480B2E4}"
EndProject
Global
	GlobalSection(SolutionConfigurationPlatforms) = preSolution
		Debug|Any CPU = Debug|Any CPU
		Release|Any CPU = Release|Any CPU
	EndGlobalSection
	GlobalSection(ProjectConfigurationPlatforms) = postSolution
		{49119739-F2E2-4F31-A91A-90755C496E17}.Debug|Any CPU.ActiveCfg = Debug|Any CPU
		{49119739-F2E2-4F31-A91A-90755C496E17}.Debug|Any CPU.Build.0 = Debug|Any CPU
		{49119739-F2E2-4F31-A91A-90755C496E17}.Release|Any CPU.ActiveCfg = Release|Any CPU
		{49119739-F2E2-4F31-A91A-90755C496E17}.Release|Any CPU.Build.0 = Release|Any CPU
		{86493FFB-458B-4127-A53C-5BBB536C5163}.Debug|Any CPU.ActiveCfg = Debug|Any CPU
		{86493FFB-458B-4127-A53C-5BBB536C5163}.Debug|Any CPU.Build.0 = Debug|Any CPU
		{86493FFB-458B-4127-A53C-5BBB536C5163}.Release|Any CPU.ActiveCfg = Release|Any CPU
		{86493FFB-458B-4127-A53C-5BBB536C5163}.Release|Any CPU.Build.0 = Release|Any CPU
		{93CB7079-7288-42E6-9B8A-EDA7F480B2E4}.Debug|Any CPU.ActiveCfg = Debug|Any CPU
		{93CB7079-7288-42E6-9B8A-EDA7F480B2E4}.Debug|Any CPU.Build.0 = Debug|Any CPU
		{93CB7079-7288-42E6-9B8A-EDA7F480B2E4}.Release|Any CPU.ActiveCfg = Release|Any CPU
		{93CB7079-7288-42E6-9B8A-EDA7F480B2E4}.Release|Any CPU.Build.0 = Release|Any CPU
	EndGlobalSection
	GlobalSection(SolutionProperties) = preSolution
		HideSolutionNode = FALSE
	EndGlobalSection
	GlobalSection(ExtensibilityGlobals) = postSolution
		SolutionGuid = {1E749672-55C0-4B80-81D4-C55F4987923A}
	EndGlobalSection
EndGlobal
